
Microsoft Visual Studio Solution File, Format Version 12.00
# Visual Studio 15
VisualStudioVersion = 15.0.28010.2003
MinimumVisualStudioVersion = 10.0.40219.1
Project("{FAE04EC0-301F-11D3-BF4B-00C04F79EFBC}") = "Descuento", "Descuento\Descuento.csproj", "{BFEC9E20-E7ED-46CB-B6F2-343AF623DF7D}"
EndProject
Global
	GlobalSection(SolutionConfigurationPlatforms) = preSolution
		Debug|Any CPU = Debug|Any CPU
		Release|Any CPU = Release|Any CPU
	EndGlobalSection
	GlobalSection(ProjectConfigurationPlatforms) = postSolution
		{BFEC9E20-E7ED-46CB-B6F2-343AF623DF7D}.Debug|Any CPU.ActiveCfg = Debug|Any CPU
		{BFEC9E20-E7ED-46CB-B6F2-343AF623DF7D}.Debug|Any CPU.Build.0 = Debug|Any CPU
		{BFEC9E20-E7ED-46CB-B6F2-343AF623DF7D}.Release|Any CPU.ActiveCfg = Release|Any CPU
		{BFEC9E20-E7ED-46CB-B6F2-343AF623DF7D}.Release|Any CPU.Build.0 = Release|Any CPU
	EndGlobalSection
	GlobalSection(SolutionProperties) = preSolution
		HideSolutionNode = FALSE
	EndGlobalSection
	GlobalSection(ExtensibilityGlobals) = postSolution
		SolutionGuid = {9624832F-6CE1-4FE1-AC64-B8B4CE0D51C7}
	EndGlobalSection
EndGlobal
